lockfileVersion: '6.0'

settings:
  autoInstallPeers: true
  excludeLinksFromLockfile: false

dependencies:
  '@mysten/sui':
    specifier: ^1.1.1
    version: 1.1.1(svelte@4.2.18)(typescript@5.4.5)
  '@mysten/zksend':
    specifier: ^0.9.7
    version: 0.9.7(svelte@4.2.18)(typescript@5.4.5)

packages:

  /@0no-co/graphql.web@1.0.7(graphql@16.8.2):
    resolution: {integrity: sha512-E3Qku4mTzdrlwVWGPxklDnME5ANrEGetvYw4i2GCRlppWXXE4QD66j7pwb8HelZwS6LnqEChhrSOGCXpbiu6MQ==}
    peerDependencies:
      graphql: ^14.0.0 || ^15.0.0 || ^16.0.0
    peerDependenciesMeta:
      graphql:
        optional: true
    dependencies:
      graphql: 16.8.2
    dev: false

  /@0no-co/graphqlsp@1.12.8(graphql@16.8.2)(typescript@5.4.5):
    resolution: {integrity: sha512-arW3ZzifyKIJhehoAlsP069AX73EN6q358bOCf+8z00PmfPR2DSxq7uGGSj0oFNe3vEDtGYl88HmFEWQ+0+dwQ==}
    peerDependencies:
      graphql: ^15.5.0 || ^16.0.0 || ^17.0.0
      typescript: ^5.0.0
    dependencies:
      '@gql.tada/internal': 1.0.0(graphql@16.8.2)(typescript@5.4.5)
      graphql: 16.8.2
      typescript: 5.4.5
    dev: false

  /@ampproject/remapping@2.3.0:
    resolution: {integrity: sha512-30iZtAPgz+LTIYoeivqYo853f02jBYSd5uGnGpkFV0M3xOt9aN73erkgYAmZU43x4VfqcnLxW9Kpg3R5LC4YYw==}
    engines: {node: '>=6.0.0'}
    dependencies:
      '@jridgewell/gen-mapping': 0.3.5
      '@jridgewell/trace-mapping': 0.3.25
    dev: false

  /@babel/helper-string-parser@7.24.7:
    resolution: {integrity: sha512-7MbVt6xrwFQbunH2DNQsAP5sTGxfqQtErvBIvIMi6EQnbgUOuVYanvREcmFrOPhoXBrTtjhhP+lW+o5UfK+tDg==}
    engines: {node: '>=6.9.0'}
    dev: false

  /@babel/helper-validator-identifier@7.24.7:
    resolution: {integrity: sha512-rR+PBcQ1SMQDDyF6X0wxtG8QyLCgUB0eRAGguqRLfkCA87l7yAP7ehq8SNj96OOGTO8OBV70KhuFYcIkHXOg0w==}
    engines: {node: '>=6.9.0'}
    dev: false

  /@babel/parser@7.24.7:
    resolution: {integrity: sha512-9uUYRm6OqQrCqQdG1iCBwBPZgN8ciDBro2nIOFaiRz1/BCxaI7CNvQbDHvsArAC7Tw9Hda/B3U+6ui9u4HWXPw==}
    engines: {node: '>=6.0.0'}
    hasBin: true
    dependencies:
      '@babel/types': 7.24.7
    dev: false

  /@babel/types@7.24.7:
    resolution: {integrity: sha512-XEFXSlxiG5td2EJRe8vOmRbaXVgfcBlszKujvVmWIK/UpywWljQCfzAv3RQCGujWQ1RD4YYWEAqDXfuJiy8f5Q==}
    engines: {node: '>=6.9.0'}
    dependencies:
      '@babel/helper-string-parser': 7.24.7
      '@babel/helper-validator-identifier': 7.24.7
      to-fast-properties: 2.0.0
    dev: false

  /@gql.tada/cli-utils@1.3.9(graphql@16.8.2)(svelte@4.2.18)(typescript@5.4.5):
    resolution: {integrity: sha512-oRb7SG/+csx9CiypSJTI21KaLfulOUnhX1vxg4FXi2snub9XShkGR2XnnlJVTAOZXY9Vcxti1NutAElxdDkycA==}
    peerDependencies:
      graphql: ^15.5.0 || ^16.0.0 || ^17.0.0
      typescript: ^5.0.0
    dependencies:
      '@0no-co/graphqlsp': 1.12.8(graphql@16.8.2)(typescript@5.4.5)
      '@gql.tada/internal': 1.0.0(graphql@16.8.2)(typescript@5.4.5)
      '@vue/compiler-dom': 3.4.27
      '@vue/language-core': 2.0.21(typescript@5.4.5)
      graphql: 16.8.2
      svelte2tsx: 0.7.9(svelte@4.2.18)(typescript@5.4.5)
      typescript: 5.4.5
    transitivePeerDependencies:
      - svelte
    dev: false

  /@gql.tada/internal@1.0.0(graphql@16.8.2)(typescript@5.4.5):
    resolution: {integrity: sha512-B55aIYyZn5ewdgMqoJciPAwF5DKYX6HBabTU+ap/dpNH3EgJrLomc8Y8w+MCxCyOx+dXL9OduT6eWnVr7J7Eyg==}
    peerDependencies:
      graphql: ^15.5.0 || ^16.0.0 || ^17.0.0
      typescript: ^5.0.0
    dependencies:
      '@0no-co/graphql.web': 1.0.7(graphql@16.8.2)
      graphql: 16.8.2
      typescript: 5.4.5
    dev: false

  /@graphql-typed-document-node/core@3.2.0(graphql@16.8.2):
    resolution: {integrity: sha512-mB9oAsNCm9aM3/SOv4YtBMqZbYj10R7dkq8byBqxGY/ncFwhf2oQzMV+LCRlWoDSEBJ3COiR1yeDvMtsoOsuFQ==}
    peerDependencies:
      graphql: ^0.8.0 || ^0.9.0 || ^0.10.0 || ^0.11.0 || ^0.12.0 || ^0.13.0 || ^14.0.0 || ^15.0.0 || ^16.0.0 || ^17.0.0
    dependencies:
      graphql: 16.8.2
    dev: false

  /@jridgewell/gen-mapping@0.3.5:
    resolution: {integrity: sha512-IzL8ZoEDIBRWEzlCcRhOaCupYyN5gdIK+Q6fbFdPDg6HqX6jpkItn7DFIpW9LQzXG6Df9sA7+OKnq0qlz/GaQg==}
    engines: {node: '>=6.0.0'}
    dependencies:
      '@jridgewell/set-array': 1.2.1
      '@jridgewell/sourcemap-codec': 1.4.15
      '@jridgewell/trace-mapping': 0.3.25
    dev: false

  /@jridgewell/resolve-uri@3.1.2:
    resolution: {integrity: sha512-bRISgCIjP20/tbWSPWMEi54QVPRZExkuD9lJL+UIxUKtwVJA8wW1Trb1jMs1RFXo1CBTNZ/5hpC9QvmKWdopKw==}
    engines: {node: '>=6.0.0'}
    dev: false

  /@jridgewell/set-array@1.2.1:
    resolution: {integrity: sha512-R8gLRTZeyp03ymzP/6Lil/28tGeGEzhx1q2k703KGWRAI1VdvPIXdG70VJc2pAMw3NA6JKL5hhFu1sJX0Mnn/A==}
    engines: {node: '>=6.0.0'}
    dev: false

  /@jridgewell/sourcemap-codec@1.4.15:
    resolution: {integrity: sha512-eF2rxCRulEKXHTRiDrDy6erMYWqNw4LPdQ8UQA4huuxaQsVeRPFl2oM8oDGxMFhJUWZf9McpLtJasDDZb/Bpeg==}
    dev: false

  /@jridgewell/trace-mapping@0.3.25:
    resolution: {integrity: sha512-vNk6aEwybGtawWmy/PzwnGDOjCkLWSD2wqvjGGAgOAwCGWySYXfYoxt00IJkTF+8Lb57DwOb3Aa0o9CApepiYQ==}
    dependencies:
      '@jridgewell/resolve-uri': 3.1.2
      '@jridgewell/sourcemap-codec': 1.4.15
    dev: false

  /@mysten/bcs@1.0.2:
    resolution: {integrity: sha512-haHT0km/9yIIe8lwo8gDFxGLnoxfRF4WmEVCz4lDXbEVQRsZkF0zB97kukiwMjDuFBaGVUhrOMCLz6td8tSMaQ==}
    dependencies:
      bs58: 5.0.0
    dev: false

  /@mysten/sui@1.1.1(svelte@4.2.18)(typescript@5.4.5):
    resolution: {integrity: sha512-wpDgvdK0Hrdt5rNfiekjF7++5kIHnngFnGNTS21ZS2IOHP4h1zag6h2T0QV0lT54F+flrtD3CNdaPw9vWcXyPw==}
    engines: {node: '>=18'}
    dependencies:
      '@graphql-typed-document-node/core': 3.2.0(graphql@16.8.2)
      '@mysten/bcs': 1.0.2
      '@noble/curves': 1.4.0
      '@noble/hashes': 1.4.0
      '@scure/bip32': 1.4.0
      '@scure/bip39': 1.3.0
      '@suchipi/femver': 1.0.0
      bech32: 2.0.0
      gql.tada: 1.7.5(graphql@16.8.2)(svelte@4.2.18)(typescript@5.4.5)
      graphql: 16.8.2
      tweetnacl: 1.0.3
      valibot: 0.25.0
    transitivePeerDependencies:
      - svelte
      - typescript
    dev: false

  /@mysten/wallet-standard@0.12.7(svelte@4.2.18)(typescript@5.4.5):
    resolution: {integrity: sha512-KEAOLedQUGjqcXwY04txqO9pNtHH+AkJ0eVYaPd3EXd/f7iT/3fqQWCoUeCYmhWmEBdzJRdT+bqFEnpRKqy2/g==}
    dependencies:
      '@mysten/sui': 1.1.1(svelte@4.2.18)(typescript@5.4.5)
      '@wallet-standard/core': 1.0.3
    transitivePeerDependencies:
      - svelte
      - typescript
    dev: false

  /@mysten/zksend@0.9.7(svelte@4.2.18)(typescript@5.4.5):
    resolution: {integrity: sha512-9/wL4EuG2vfVdzjMiFlv4IB4TLEK2w1DwRKBvdBnOYFKXIeFeeP8z6em4RYQLAiaYN/iiHAStrITjrPESTiZlQ==}
    dependencies:
      '@mysten/sui': 1.1.1(svelte@4.2.18)(typescript@5.4.5)
      '@mysten/wallet-standard': 0.12.7(svelte@4.2.18)(typescript@5.4.5)
      mitt: 3.0.1
      nanostores: 0.9.5
      valibot: 0.25.0
    transitivePeerDependencies:
      - svelte
      - typescript
    dev: false

  /@noble/curves@1.4.0:
    resolution: {integrity: sha512-p+4cb332SFCrReJkCYe8Xzm0OWi4Jji5jVdIZRL/PmacmDkFNw6MrrV+gGpiPxLHbV+zKFRywUWbaseT+tZRXg==}
    dependencies:
      '@noble/hashes': 1.4.0
    dev: false

  /@noble/hashes@1.4.0:
    resolution: {integrity: sha512-V1JJ1WTRUqHHrOSh597hURcMqVKVGL/ea3kv0gSnEdsEZ0/+VyPghM1lMNGc00z7CIQorSvbKpuJkxvuHbvdbg==}
    engines: {node: '>= 16'}
    dev: false

  /@scure/base@1.1.6:
    resolution: {integrity: sha512-ok9AWwhcgYuGG3Zfhyqg+zwl+Wn5uE+dwC0NV/2qQkx4dABbb/bx96vWu8NSj+BNjjSjno+JRYRjle1jV08k3g==}
    dev: false

  /@scure/bip32@1.4.0:
    resolution: {integrity: sha512-sVUpc0Vq3tXCkDGYVWGIZTRfnvu8LoTDaev7vbwh0omSvVORONr960MQWdKqJDCReIEmTj3PAr73O3aoxz7OPg==}
    dependencies:
      '@noble/curves': 1.4.0
      '@noble/hashes': 1.4.0
      '@scure/base': 1.1.6
    dev: false

  /@scure/bip39@1.3.0:
    resolution: {integrity: sha512-disdg7gHuTDZtY+ZdkmLpPCk7fxZSu3gBiEGuoC1XYxv9cGx3Z6cpTggCgW6odSOOIXCiDjuGejW+aJKCY/pIQ==}
    dependencies:
      '@noble/hashes': 1.4.0
      '@scure/base': 1.1.6
    dev: false

  /@suchipi/femver@1.0.0:
    resolution: {integrity: sha512-bprE8+K5V+DPX7q2e2K57ImqNBdfGHDIWaGI5xHxZoxbKOuQZn4wzPiUxOAHnsUr3w3xHrWXwN7gnG/iIuEMIg==}
    dev: false

  /@types/estree@1.0.5:
    resolution: {integrity: sha512-/kYRxGDLWzHOB7q+wtSUQlFrtcdUccpfy+X+9iMBpHK8QLLhx2wIPYuS5DYtR9Wa/YlZAbIovy7qVdB1Aq6Lyw==}
    dev: false

  /@volar/language-core@2.3.0:
    resolution: {integrity: sha512-pvhL24WUh3VDnv7Yw5N1sjhPtdx7q9g+Wl3tggmnkMcyK8GcCNElF2zHiKznryn0DiUGk+eez/p2qQhz+puuHw==}
    dependencies:
      '@volar/source-map': 2.3.0
    dev: false

  /@volar/source-map@2.3.0:
    resolution: {integrity: sha512-G/228aZjAOGhDjhlyZ++nDbKrS9uk+5DMaEstjvzglaAw7nqtDyhnQAsYzUg6BMP9BtwZ59RIw5HGePrutn00Q==}
    dependencies:
      muggle-string: 0.4.1
    dev: false

  /@vue/compiler-core@3.4.27:
    resolution: {integrity: sha512-E+RyqY24KnyDXsCuQrI+mlcdW3ALND6U7Gqa/+bVwbcpcR3BRRIckFoz7Qyd4TTlnugtwuI7YgjbvsLmxb+yvg==}
    dependencies:
      '@babel/parser': 7.24.7
      '@vue/shared': 3.4.27
      entities: 4.5.0
      estree-walker: 2.0.2
      source-map-js: 1.2.0
    dev: false

  /@vue/compiler-dom@3.4.27:
    resolution: {integrity: sha512-kUTvochG/oVgE1w5ViSr3KUBh9X7CWirebA3bezTbB5ZKBQZwR2Mwj9uoSKRMFcz4gSMzzLXBPD6KpCLb9nvWw==}
    dependencies:
      '@vue/compiler-core': 3.4.27
      '@vue/shared': 3.4.27
    dev: false

  /@vue/language-core@2.0.21(typescript@5.4.5):
    resolution: {integrity: sha512-vjs6KwnCK++kIXT+eI63BGpJHfHNVJcUCr3RnvJsccT3vbJnZV5IhHR2puEkoOkIbDdp0Gqi1wEnv3hEd3WsxQ==}
    peerDependencies:
      typescript: '*'
    peerDependenciesMeta:
      typescript:
        optional: true
    dependencies:
      '@volar/language-core': 2.3.0
      '@vue/compiler-dom': 3.4.27
      '@vue/shared': 3.4.27
      computeds: 0.0.1
      minimatch: 9.0.4
      path-browserify: 1.0.1
      typescript: 5.4.5
      vue-template-compiler: 2.7.16
    dev: false

  /@vue/shared@3.4.27:
    resolution: {integrity: sha512-DL3NmY2OFlqmYYrzp39yi3LDkKxa5vZVwxWdQ3rG0ekuWscHraeIbnI8t+aZK7qhYqEqWKTUdijadunb9pnrgA==}
    dev: false

  /@wallet-standard/app@1.0.1:
    resolution: {integrity: sha512-LnLYq2Vy2guTZ8GQKKSXQK3+FRGPil75XEdkZqE6fiLixJhZJoJa5hT7lXxwe0ykVTt9LEThdTbOpT7KadS26Q==}
    engines: {node: '>=16'}
    dependencies:
      '@wallet-standard/base': 1.0.1
    dev: false

  /@wallet-standard/base@1.0.1:
    resolution: {integrity: sha512-1To3ekMfzhYxe0Yhkpri+Fedq0SYcfrOfJi3vbLjMwF2qiKPjTGLwZkf2C9ftdQmxES+hmxhBzTwF4KgcOwf8w==}
    engines: {node: '>=16'}
    dev: false

  /@wallet-standard/core@1.0.3:
    resolution: {integrity: sha512-Jb33IIjC1wM1HoKkYD7xQ6d6PZ8EmMZvyc8R7dFgX66n/xkvksVTW04g9yLvQXrLFbcIjHrCxW6TXMhvpsAAzg==}
    engines: {node: '>=16'}
    dependencies:
      '@wallet-standard/app': 1.0.1
      '@wallet-standard/base': 1.0.1
      '@wallet-standard/features': 1.0.3
      '@wallet-standard/wallet': 1.0.1
    dev: false

  /@wallet-standard/features@1.0.3:
    resolution: {integrity: sha512-m8475I6W5LTatTZuUz5JJNK42wFRgkJTB0I9tkruMwfqBF2UN2eomkYNVf9RbrsROelCRzSFmugqjKZBFaubsA==}
    engines: {node: '>=16'}
    dependencies:
      '@wallet-standard/base': 1.0.1
    dev: false

  /@wallet-standard/wallet@1.0.1:
    resolution: {integrity: sha512-qkhJeuQU2afQTZ02yMZE5SFc91Fo3hyFjFkpQglHudENNyiSG0oUKcIjky8X32xVSaumgTZSQUAzpXnCTWHzKQ==}
    engines: {node: '>=16'}
    dependencies:
      '@wallet-standard/base': 1.0.1
    dev: false

  /acorn@8.11.3:
    resolution: {integrity: sha512-Y9rRfJG5jcKOE0CLisYbojUjIrIEE7AGMzA/Sm4BslANhbS+cDMpgBdcPT91oJ7OuJ9hYJBx59RjbhxVnrF8Xg==}
    engines: {node: '>=0.4.0'}
    hasBin: true
    dev: false

  /aria-query@5.3.0:
    resolution: {integrity: sha512-b0P0sZPKtyu8HkeRAfCq0IfURZK+SuwMjY1UXGBU27wpAiTwQAIlq56IbIO+ytk/JjS1fMR14ee5WBBfKi5J6A==}
    dependencies:
      dequal: 2.0.3
    dev: false

  /axobject-query@4.0.0:
    resolution: {integrity: sha512-+60uv1hiVFhHZeO+Lz0RYzsVHy5Wr1ayX0mwda9KPDVLNJgZ1T9Ny7VmFbLDzxsH0D87I86vgj3gFrjTJUYznw==}
    dependencies:
      dequal: 2.0.3
    dev: false

  /balanced-match@1.0.2:
    resolution: {integrity: sha512-3oSeUO0TMV67hN1AmbXsK4yaqU7tjiHlbxRDZOpH0KW9+CeX4bRAaX0Anxt0tx2MrpRpWwQaPwIlISEJhYU5Pw==}
    dev: false

  /base-x@4.0.0:
    resolution: {integrity: sha512-FuwxlW4H5kh37X/oW59pwTzzTKRzfrrQwhmyspRM7swOEZcHtDZSCt45U6oKgtuFE+WYPblePMVIPR4RZrh/hw==}
    dev: false

  /bech32@2.0.0:
    resolution: {integrity: sha512-LcknSilhIGatDAsY1ak2I8VtGaHNhgMSYVxFrGLXv+xLHytaKZKcaUJJUE7qmBr7h33o5YQwP55pMI0xmkpJwg==}
    dev: false

  /brace-expansion@2.0.1:
    resolution: {integrity: sha512-XnAIvQ8eM+kC6aULx6wuQiwVsnzsi9d3WxzV3FpWTGA19F621kwdbsAcFKXgKUHZWsy+mY6iL1sHTxWEFCytDA==}
    dependencies:
      balanced-match: 1.0.2
    dev: false

  /bs58@5.0.0:
    resolution: {integrity: sha512-r+ihvQJvahgYT50JD05dyJNKlmmSlMoOGwn1lCcEzanPglg7TxYjioQUYehQ9mAR/+hOSd2jRc/Z2y5UxBymvQ==}
    dependencies:
      base-x: 4.0.0
    dev: false

  /code-red@1.0.4:
    resolution: {integrity: sha512-7qJWqItLA8/VPVlKJlFXU+NBlo/qyfs39aJcuMT/2ere32ZqvF5OSxgdM5xOfJJ7O429gg2HM47y8v9P+9wrNw==}
    dependencies:
      '@jridgewell/sourcemap-codec': 1.4.15
      '@types/estree': 1.0.5
      acorn: 8.11.3
      estree-walker: 3.0.3
      periscopic: 3.1.0
    dev: false

  /computeds@0.0.1:
    resolution: {integrity: sha512-7CEBgcMjVmitjYo5q8JTJVra6X5mQ20uTThdK+0kR7UEaDrAWEQcRiBtWJzga4eRpP6afNwwLsX2SET2JhVB1Q==}
    dev: false

  /css-tree@2.3.1:
    resolution: {integrity: sha512-6Fv1DV/TYw//QF5IzQdqsNDjx/wc8TrMBZsqjL9eW01tWb7R7k/mq+/VXfJCl7SoD5emsJop9cOByJZfs8hYIw==}
    engines: {node: ^10 || ^12.20.0 || ^14.13.0 || >=15.0.0}
    dependencies:
      mdn-data: 2.0.30
      source-map-js: 1.2.0
    dev: false

  /de-indent@1.0.2:
    resolution: {integrity: sha512-e/1zu3xH5MQryN2zdVaF0OrdNLUbvWxzMbi+iNA6Bky7l1RoP8a2fIbRocyHclXt/arDrrR6lL3TqFD9pMQTsg==}
    dev: false

  /dedent-js@1.0.1:
    resolution: {integrity: sha512-OUepMozQULMLUmhxS95Vudo0jb0UchLimi3+pQ2plj61Fcy8axbP9hbiD4Sz6DPqn6XG3kfmziVfQ1rSys5AJQ==}
    dev: false

  /dequal@2.0.3:
    resolution: {integrity: sha512-0je+qPKHEMohvfRTCEo3CrPG6cAzAYgmzKyxRiYSSDkS6eGJdyVJm7WaYA5ECaAD9wLB2T4EEeymA5aFVcYXCA==}
    engines: {node: '>=6'}
    dev: false

  /entities@4.5.0:
    resolution: {integrity: sha512-V0hjH4dGPh9Ao5p0MoRY6BVqtwCjhz6vI5LT8AJ55H+4g9/4vbHx1I54fS0XuclLhDHArPQCiMjDxjaL8fPxhw==}
    engines: {node: '>=0.12'}
    dev: false

  /estree-walker@2.0.2:
    resolution: {integrity: sha512-Rfkk/Mp/DL7JVje3u18FxFujQlTNR2q6QfMSMB7AvCBx91NGj/ba3kCfza0f6dVDbw7YlRf/nDrn7pQrCCyQ/w==}
    dev: false

  /estree-walker@3.0.3:
    resolution: {integrity: sha512-7RUKfXgSMMkzt6ZuXmqapOurLGPPfgj6l9uRZ7lRGolvk0y2yocc35LdcxKC5PQZdn2DMqioAQ2NoWcrTKmm6g==}
    dependencies:
      '@types/estree': 1.0.5
    dev: false

  /gql.tada@1.7.5(graphql@16.8.2)(svelte@4.2.18)(typescript@5.4.5):
    resolution: {integrity: sha512-GepPTee+FWSVVZQ7GiJHzsGNo7gOb59kcn4mUPYLlkbpeJfOUwpuoB05ZNaXG0W4qZVPd1I7R2UgMHBjY1lGlQ==}
    hasBin: true
    peerDependencies:
      typescript: ^5.0.0
    dependencies:
      '@0no-co/graphql.web': 1.0.7(graphql@16.8.2)
      '@gql.tada/cli-utils': 1.3.9(graphql@16.8.2)(svelte@4.2.18)(typescript@5.4.5)
      '@gql.tada/internal': 1.0.0(graphql@16.8.2)(typescript@5.4.5)
      typescript: 5.4.5
    transitivePeerDependencies:
      - graphql
      - svelte
    dev: false

  /graphql@16.8.2:
    resolution: {integrity: sha512-cvVIBILwuoSyD54U4cF/UXDh5yAobhNV/tPygI4lZhgOIJQE/WLWC4waBRb4I6bDVYb3OVx3lfHbaQOEoUD5sg==}
    engines: {node: ^12.22.0 || ^14.16.0 || ^16.0.0 || >=17.0.0}
    dev: false

  /he@1.2.0:
    resolution: {integrity: sha512-F/1DnUGPopORZi0ni+CvrCgHQ5FyEAHRLSApuYWMmrbSwoN2Mn/7k+Gl38gJnR7yyDZk6WLXwiGod1JOWNDKGw==}
    hasBin: true
    dev: false

  /is-reference@3.0.2:
    resolution: {integrity: sha512-v3rht/LgVcsdZa3O2Nqs+NMowLOxeOm7Ay9+/ARQ2F+qEoANRcqrjAZKGN0v8ymUetZGgkp26LTnGT7H0Qo9Pg==}
    dependencies:
      '@types/estree': 1.0.5
    dev: false

  /locate-character@3.0.0:
    resolution: {integrity: sha512-SW13ws7BjaeJ6p7Q6CO2nchbYEc3X3J6WrmTTDto7yMPqVSZTUyY5Tjbid+Ab8gLnATtygYtiDIJGQRRn2ZOiA==}
    dev: false

  /lower-case@2.0.2:
    resolution: {integrity: sha512-7fm3l3NAF9WfN6W3JOmf5drwpVqX78JtoGJ3A6W0a6ZnldM41w2fV5D490psKFTpMds8TJse/eHLFFsNHHjHgg==}
    dependencies:
      tslib: 2.6.3
    dev: false

  /magic-string@0.30.10:
    resolution: {integrity: sha512-iIRwTIf0QKV3UAnYK4PU8uiEc4SRh5jX0mwpIwETPpHdhVM4f53RSwS/vXvN1JhGX+Cs7B8qIq3d6AH49O5fAQ==}
    dependencies:
      '@jridgewell/sourcemap-codec': 1.4.15
    dev: false

  /mdn-data@2.0.30:
    resolution: {integrity: sha512-GaqWWShW4kv/G9IEucWScBx9G1/vsFZZJUO+tD26M8J8z3Kw5RDQjaoZe03YAClgeS/SWPOcb4nkFBTEi5DUEA==}
    dev: false

  /minimatch@9.0.4:
    resolution: {integrity: sha512-KqWh+VchfxcMNRAJjj2tnsSJdNbHsVgnkBhTNrW7AjVo6OvLtxw8zfT9oLw1JSohlFzJ8jCoTgaoXvJ+kHt6fw==}
    engines: {node: '>=16 || 14 >=14.17'}
    dependencies:
      brace-expansion: 2.0.1
    dev: false

  /mitt@3.0.1:
    resolution: {integrity: sha512-vKivATfr97l2/QBCYAkXYDbrIWPM2IIKEl7YPhjCvKlG3kE2gm+uBo6nEXK3M5/Ffh/FLpKExzOQ3JJoJGFKBw==}
    dev: false

  /muggle-string@0.4.1:
    resolution: {integrity: sha512-VNTrAak/KhO2i8dqqnqnAHOa3cYBwXEZe9h+D5h/1ZqFSTEFHdM65lR7RoIqq3tBBYavsOXV84NoHXZ0AkPyqQ==}
    dev: false

  /nanostores@0.9.5:
    resolution: {integrity: sha512-Z+p+g8E7yzaWwOe5gEUB2Ox0rCEeXWYIZWmYvw/ajNYX8DlXdMvMDj8DWfM/subqPAcsf8l8Td4iAwO1DeIIRQ==}
    engines: {node: ^16.0.0 || ^18.0.0 || >=20.0.0}
    dev: false

  /no-case@3.0.4:
    resolution: {integrity: sha512-fgAN3jGAh+RoxUGZHTSOLJIqUc2wmoBwGR4tbpNAKmmovFoWq0OdRkb0VkldReO2a2iBT/OEulG9XSUc10r3zg==}
    dependencies:
      lower-case: 2.0.2
      tslib: 2.6.3
    dev: false

  /pascal-case@3.1.2:
    resolution: {integrity: sha512-uWlGT3YSnK9x3BQJaOdcZwrnV6hPpd8jFH1/ucpiLRPh/2zCVJKS19E4GvYHvaCcACn3foXZ0cLB9Wrx1KGe5g==}
    dependencies:
      no-case: 3.0.4
      tslib: 2.6.3
    dev: false

  /path-browserify@1.0.1:
    resolution: {integrity: sha512-b7uo2UCUOYZcnF/3ID0lulOJi/bafxa1xPe7ZPsammBSpjSWQkjNxlt635YGS2MiR9GjvuXCtz2emr3jbsz98g==}
    dev: false

  /periscopic@3.1.0:
    resolution: {integrity: sha512-vKiQ8RRtkl9P+r/+oefh25C3fhybptkHKCZSPlcXiJux2tJF55GnEj3BVn4A5gKfq9NWWXXrxkHBwVPUfH0opw==}
    dependencies:
      '@types/estree': 1.0.5
      estree-walker: 3.0.3
      is-reference: 3.0.2
    dev: false

  /source-map-js@1.2.0:
    resolution: {integrity: sha512-itJW8lvSA0TXEphiRoawsCksnlf8SyvmFzIhltqAHluXd88pkCd+cXJVHTDwdCr0IzwptSm035IHQktUu1QUMg==}
    engines: {node: '>=0.10.0'}
    dev: false

  /svelte2tsx@0.7.9(svelte@4.2.18)(typescript@5.4.5):
    resolution: {integrity: sha512-Rm+0LAwg9wT4H2IsR8EaM9EWErTzi9LmuZKxkH5b1ua94XjQmwHstBP4VabLgA9AE6XmwBg+xK7Cjzwfm6ustQ==}
    peerDependencies:
      svelte: ^3.55 || ^4.0.0-next.0 || ^4.0 || ^5.0.0-next.0
      typescript: ^4.9.4 || ^5.0.0
    dependencies:
      dedent-js: 1.0.1
      pascal-case: 3.1.2
      svelte: 4.2.18
      typescript: 5.4.5
    dev: false

  /svelte@4.2.18:
    resolution: {integrity: sha512-d0FdzYIiAePqRJEb90WlJDkjUEx42xhivxN8muUBmfZnP+tzUgz12DJ2hRJi8sIHCME7jeK1PTMgKPSfTd8JrA==}
    engines: {node: '>=16'}
    dependencies:
      '@ampproject/remapping': 2.3.0
      '@jridgewell/sourcemap-codec': 1.4.15
      '@jridgewell/trace-mapping': 0.3.25
      '@types/estree': 1.0.5
      acorn: 8.11.3
      aria-query: 5.3.0
      axobject-query: 4.0.0
      code-red: 1.0.4
      css-tree: 2.3.1
      estree-walker: 3.0.3
      is-reference: 3.0.2
      locate-character: 3.0.0
      magic-string: 0.30.10
      periscopic: 3.1.0
    dev: false

  /to-fast-properties@2.0.0:
    resolution: {integrity: sha512-/OaKK0xYrs3DmxRYqL/yDc+FxFUVYhDlXMhRmv3z915w2HF1tnN1omB354j8VUGO/hbRzyD6Y3sA7v7GS/ceog==}
    engines: {node: '>=4'}
    dev: false

  /tslib@2.6.3:
    resolution: {integrity: sha512-xNvxJEOUiWPGhUuUdQgAJPKOOJfGnIyKySOc09XkKsgdUV/3E2zvwZYdejjmRgPCgcym1juLH3226yA7sEFJKQ==}
    dev: false

  /tweetnacl@1.0.3:
    resolution: {integrity: sha512-6rt+RN7aOi1nGMyC4Xa5DdYiukl2UWCbcJft7YhxReBGQD7OAM8Pbxw6YMo4r2diNEA8FEmu32YOn9rhaiE5yw==}
    dev: false

  /typescript@5.4.5:
    resolution: {integrity: sha512-vcI4UpRgg81oIRUFwR0WSIHKt11nJ7SAVlYNIu+QpqeyXP+gpQJy/Z4+F0aGxSE4MqwjyXvW/TzgkLAx2AGHwQ==}
    engines: {node: '>=14.17'}
    hasBin: true
    dev: false

  /valibot@0.25.0:
    resolution: {integrity: sha512-cmD0ca15oyAbT75iYLNW6uU6doAeIwYfOshpXka/E1Bx4frzbkrgb7gvkI7K0YK/DVOksei4FfxWfRoBP3NFTg==}
    dev: false

  /vue-template-compiler@2.7.16:
    resolution: {integrity: sha512-AYbUWAJHLGGQM7+cNTELw+KsOG9nl2CnSv467WobS5Cv9uk3wFcnr1Etsz2sEIHEZvw1U+o9mRlEO6QbZvUPGQ==}
    dependencies:
      de-indent: 1.0.2
      he: 1.2.0
    dev: false
